
Microsoft Visual Studio Solution File, Format Version 12.00
# Visual Studio Version 16
VisualStudioVersion = 16.0.28803.452
MinimumVisualStudioVersion = 10.0.40219.1
Project("{9A19103F-16F7-4668-BE54-9A1E7A4F7556}") = "KL.HttpScheduler.Api", "KL.HttpScheduler.Api\KL.HttpScheduler.Api.csproj", "{6164F93A-67B7-43E0-938C-981CC763D1C8}"
EndProject
Project("{9A19103F-16F7-4668-BE54-9A1E7A4F7556}") = "KL.HttpScheduler.Tests", "KL.HttpScheduler.Tests\KL.HttpScheduler.Tests.csproj", "{5FD4C99A-43DD-4C6D-989B-B548D0CD685E}"
EndProject
Project("{9A19103F-16F7-4668-BE54-9A1E7A4F7556}") = "KL.HttpScheduler", "KL.HttpScheduler\KL.HttpScheduler.csproj", "{D15B6D21-E152-4645-8096-EDAD14F4C859}"
EndProject
Global
	GlobalSection(SolutionConfigurationPlatforms) = preSolution
		Debug|Any CPU = Debug|Any CPU
		Release|Any CPU = Release|Any CPU
	EndGlobalSection
	GlobalSection(ProjectConfigurationPlatforms) = postSolution
		{6164F93A-67B7-43E0-938C-981CC763D1C8}.Debug|Any CPU.ActiveCfg = Debug|Any CPU
		{6164F93A-67B7-43E0-938C-981CC763D1C8}.Debug|Any CPU.Build.0 = Debug|Any CPU
		{6164F93A-67B7-43E0-938C-981CC763D1C8}.Release|Any CPU.ActiveCfg = Release|Any CPU
		{6164F93A-67B7-43E0-938C-981CC763D1C8}.Release|Any CPU.Build.0 = Release|Any CPU
		{5FD4C99A-43DD-4C6D-989B-B548D0CD685E}.Debug|Any CPU.ActiveCfg = Debug|Any CPU
		{5FD4C99A-43DD-4C6D-989B-B548D0CD685E}.Debug|Any CPU.Build.0 = Debug|Any CPU
		{5FD4C99A-43DD-4C6D-989B-B548D0CD685E}.Release|Any CPU.ActiveCfg = Release|Any CPU
		{5FD4C99A-43DD-4C6D-989B-B548D0CD685E}.Release|Any CPU.Build.0 = Release|Any CPU
		{D15B6D21-E152-4645-8096-EDAD14F4C859}.Debug|Any CPU.ActiveCfg = Debug|Any CPU
		{D15B6D21-E152-4645-8096-EDAD14F4C859}.Debug|Any CPU.Build.0 = Debug|Any CPU
		{D15B6D21-E152-4645-8096-EDAD14F4C859}.Release|Any CPU.ActiveCfg = Release|Any CPU
		{D15B6D21-E152-4645-8096-EDAD14F4C859}.Release|Any CPU.Build.0 = Release|Any CPU
	EndGlobalSection
	GlobalSection(SolutionProperties) = preSolution
		HideSolutionNode = FALSE
	EndGlobalSection
	GlobalSection(ExtensibilityGlobals) = postSolution
		SolutionGuid = {E1C5A723-950F-4A9D-AEBD-B235A77571AA}
	EndGlobalSection
EndGlobal
